
Microsoft Visual Studio Solution File, Format Version 12.00
# Visual Studio 15
VisualStudioVersion = 15.0.28010.2036
MinimumVisualStudioVersion = 10.0.40219.1
Project("{8BC9CEB8-8B4A-11D0-8D11-00A0C91BC942}") = "Desert", "Desert\Desert.vcxproj", "{1FCB10CE-3EC9-4952-AD92-5ABE74370C6C}"
EndProject
Global
	GlobalSection(SolutionConfigurationPlatforms) = preSolution
		Debug|x64 = Debug|x64
		Debug|x86 = Debug|x86
		Release|x64 = Release|x64
		Release|x86 = Release|x86
	EndGlobalSection
	GlobalSection(ProjectConfigurationPlatforms) = postSolution
		{1FCB10CE-3EC9-4952-AD92-5ABE74370C6C}.Debug|x64.ActiveCfg = Debug|x64
		{1FCB10CE-3EC9-4952-AD92-5ABE74370C6C}.Debug|x64.Build.0 = Debug|x64
		{1FCB10CE-3EC9-4952-AD92-5ABE74370C6C}.Debug|x86.ActiveCfg = Debug|Win32
		{1FCB10CE-3EC9-4952-AD92-5ABE74370C6C}.Debug|x86.Build.0 = Debug|Win32
		{1FCB10CE-3EC9-4952-AD92-5ABE74370C6C}.Release|x64.ActiveCfg = Release|x64
		{1FCB10CE-3EC9-4952-AD92-5ABE74370C6C}.Release|x64.Build.0 = Release|x64
		{1FCB10CE-3EC9-4952-AD92-5ABE74370C6C}.Release|x86.ActiveCfg = Release|Win32
		{1FCB10CE-3EC9-4952-AD92-5ABE74370C6C}.Release|x86.Build.0 = Release|Win32
	EndGlobalSection
	GlobalSection(SolutionProperties) = preSolution
		HideSolutionNode = FALSE
	EndGlobalSection
	GlobalSection(ExtensibilityGlobals) = postSolution
		SolutionGuid = {ADFD6041-830C-4240-A2D8-A4102B63780D}
	EndGlobalSection
EndGlobal
